
Microsoft Visual Studio Solution File, Format Version 12.00
# Visual Studio Version 17
VisualStudioVersion = 17.0.31903.59
MinimumVisualStudioVersion = 10.0.40219.1
Project("{2150E333-8FDC-42A3-9474-1A3956D46DE8}") = "FrontEnd", "FrontEnd", "{61042398-A00B-4CB3-9810-37B78971C9B5}"
EndProject
Project("{2150E333-8FDC-42A3-9474-1A3956D46DE8}") = "Services", "Services", "{1357A69D-FDBE-4328-AA8F-C042FEF8496D}"
EndProject
Project("{9A19103F-16F7-4668-BE54-9A1E7A4F7556}") = "GeekShopping.Web", "GeekShoopping.Web\GeekShopping.Web.csproj", "{8710C1AA-F016-4A1B-B658-DBCED9319B1F}"
EndProject
Project("{9A19103F-16F7-4668-BE54-9A1E7A4F7556}") = "GeekShopping.ProductApi", "GeekShoopping.ProductApi\GeekShopping.ProductApi.csproj", "{CB403E88-603C-4712-9C43-5DABB59A2811}"
EndProject
Project("{9A19103F-16F7-4668-BE54-9A1E7A4F7556}") = "GeekShopping.IdentityServer", "GeekShoopping.IdentityServer\GeekShopping.IdentityServer.csproj", "{95B5E764-4815-41F7-8C16-4AE00A76DBDE}"
EndProject
Project("{9A19103F-16F7-4668-BE54-9A1E7A4F7556}") = "GeekShopping.CuponApi", "GeekShopping.CuponApi\GeekShopping.CuponApi.csproj", "{72CC06F1-E195-49E1-94E3-457B6FE4DD96}"
EndProject
Project("{2150E333-8FDC-42A3-9474-1A3956D46DE8}") = "Integration", "Integration", "{39652FB7-E66B-4959-B957-601638E083AC}"
EndProject
Project("{9A19103F-16F7-4668-BE54-9A1E7A4F7556}") = "GeekShopping.MessageBus", "GeekShopping.MessageBus\GeekShopping.MessageBus.csproj", "{133A4B40-C137-4FDB-B1BF-0B41E9FFD9D0}"
EndProject
Project("{9A19103F-16F7-4668-BE54-9A1E7A4F7556}") = "GeekShopping.OrderApi", "GeekShopping.OrderApi\GeekShopping.OrderApi.csproj", "{7FA4E3CF-2D44-4FAD-BDAB-1AE6B9A14FF9}"
EndProject
Project("{2150E333-8FDC-42A3-9474-1A3956D46DE8}") = "Payments", "Payments", "{434969CF-08DE-47FA-BC2F-7C60F706C78D}"
EndProject
Project("{9A19103F-16F7-4668-BE54-9A1E7A4F7556}") = "GeekShooping.PaymentProcessor", "GeekShooping.PaymentProcessor\GeekShooping.PaymentProcessor.csproj", "{E0D308FA-8402-4338-981F-94E4AE3056D4}"
EndProject
Project("{9A19103F-16F7-4668-BE54-9A1E7A4F7556}") = "GeekShopping.PaymentApi", "GeekShopping.PaymentApi\GeekShopping.PaymentApi.csproj", "{B226E73D-285F-432F-9781-D9FB50AA43CB}"
EndProject
Project("{9A19103F-16F7-4668-BE54-9A1E7A4F7556}") = "GeekShopping.CartApi", "Geekshopping.CartApi\GeekShopping.CartApi.csproj", "{A3EBAA58-848B-488E-B769-3C5CA5FE4500}"
EndProject
Project("{FAE04EC0-301F-11D3-BF4B-00C04F79EFBC}") = "GeekShopping.Email", "GeekShopping.Email\GeekShopping.Email.csproj", "{4DE896EE-CE6F-48EF-990E-4FE865B28C51}"
EndProject
Project("{2150E333-8FDC-42A3-9474-1A3956D46DE8}") = "GateWay", "GateWay", "{1C8A5730-185C-49EC-8C62-D517A5C872DC}"
EndProject
Project("{FAE04EC0-301F-11D3-BF4B-00C04F79EFBC}") = "GeekShopping.ApiGateway", "GeekShopping.ApiGateway\GeekShopping.ApiGateway.csproj", "{B77223B8-4A79-4D1A-8A47-AC814D6FD9F0}"
EndProject
Global
	GlobalSection(SolutionConfigurationPlatforms) = preSolution
		Debug|Any CPU = Debug|Any CPU
		Release|Any CPU = Release|Any CPU
	EndGlobalSection
	GlobalSection(ProjectConfigurationPlatforms) = postSolution
		{8710C1AA-F016-4A1B-B658-DBCED9319B1F}.Debug|Any CPU.ActiveCfg = Debug|Any CPU
		{8710C1AA-F016-4A1B-B658-DBCED9319B1F}.Debug|Any CPU.Build.0 = Debug|Any CPU
		{8710C1AA-F016-4A1B-B658-DBCED9319B1F}.Release|Any CPU.ActiveCfg = Release|Any CPU
		{8710C1AA-F016-4A1B-B658-DBCED9319B1F}.Release|Any CPU.Build.0 = Release|Any CPU
		{CB403E88-603C-4712-9C43-5DABB59A2811}.Debug|Any CPU.ActiveCfg = Debug|Any CPU
		{CB403E88-603C-4712-9C43-5DABB59A2811}.Debug|Any CPU.Build.0 = Debug|Any CPU
		{CB403E88-603C-4712-9C43-5DABB59A2811}.Release|Any CPU.ActiveCfg = Release|Any CPU
		{CB403E88-603C-4712-9C43-5DABB59A2811}.Release|Any CPU.Build.0 = Release|Any CPU
		{95B5E764-4815-41F7-8C16-4AE00A76DBDE}.Debug|Any CPU.ActiveCfg = Debug|Any CPU
		{95B5E764-4815-41F7-8C16-4AE00A76DBDE}.Debug|Any CPU.Build.0 = Debug|Any CPU
		{95B5E764-4815-41F7-8C16-4AE00A76DBDE}.Release|Any CPU.ActiveCfg = Release|Any CPU
		{95B5E764-4815-41F7-8C16-4AE00A76DBDE}.Release|Any CPU.Build.0 = Release|Any CPU
		{72CC06F1-E195-49E1-94E3-457B6FE4DD96}.Debug|Any CPU.ActiveCfg = Debug|Any CPU
		{72CC06F1-E195-49E1-94E3-457B6FE4DD96}.Debug|Any CPU.Build.0 = Debug|Any CPU
		{72CC06F1-E195-49E1-94E3-457B6FE4DD96}.Release|Any CPU.ActiveCfg = Release|Any CPU
		{72CC06F1-E195-49E1-94E3-457B6FE4DD96}.Release|Any CPU.Build.0 = Release|Any CPU
		{133A4B40-C137-4FDB-B1BF-0B41E9FFD9D0}.Debug|Any CPU.ActiveCfg = Debug|Any CPU
		{133A4B40-C137-4FDB-B1BF-0B41E9FFD9D0}.Debug|Any CPU.Build.0 = Debug|Any CPU
		{133A4B40-C137-4FDB-B1BF-0B41E9FFD9D0}.Release|Any CPU.ActiveCfg = Release|Any CPU
		{133A4B40-C137-4FDB-B1BF-0B41E9FFD9D0}.Release|Any CPU.Build.0 = Release|Any CPU
		{7FA4E3CF-2D44-4FAD-BDAB-1AE6B9A14FF9}.Debug|Any CPU.ActiveCfg = Debug|Any CPU
		{7FA4E3CF-2D44-4FAD-BDAB-1AE6B9A14FF9}.Debug|Any CPU.Build.0 = Debug|Any CPU
		{7FA4E3CF-2D44-4FAD-BDAB-1AE6B9A14FF9}.Release|Any CPU.ActiveCfg = Release|Any CPU
		{7FA4E3CF-2D44-4FAD-BDAB-1AE6B9A14FF9}.Release|Any CPU.Build.0 = Release|Any CPU
		{E0D308FA-8402-4338-981F-94E4AE3056D4}.Debug|Any CPU.ActiveCfg = Debug|Any CPU
		{E0D308FA-8402-4338-981F-94E4AE3056D4}.Debug|Any CPU.Build.0 = Debug|Any CPU
		{E0D308FA-8402-4338-981F-94E4AE3056D4}.Release|Any CPU.ActiveCfg = Release|Any CPU
		{E0D308FA-8402-4338-981F-94E4AE3056D4}.Release|Any CPU.Build.0 = Release|Any CPU
		{B226E73D-285F-432F-9781-D9FB50AA43CB}.Debug|Any CPU.ActiveCfg = Debug|Any CPU
		{B226E73D-285F-432F-9781-D9FB50AA43CB}.Debug|Any CPU.Build.0 = Debug|Any CPU
		{B226E73D-285F-432F-9781-D9FB50AA43CB}.Release|Any CPU.ActiveCfg = Release|Any CPU
		{B226E73D-285F-432F-9781-D9FB50AA43CB}.Release|Any CPU.Build.0 = Release|Any CPU
		{A3EBAA58-848B-488E-B769-3C5CA5FE4500}.Debug|Any CPU.ActiveCfg = Debug|Any CPU
		{A3EBAA58-848B-488E-B769-3C5CA5FE4500}.Debug|Any CPU.Build.0 = Debug|Any CPU
		{A3EBAA58-848B-488E-B769-3C5CA5FE4500}.Release|Any CPU.ActiveCfg = Release|Any CPU
		{A3EBAA58-848B-488E-B769-3C5CA5FE4500}.Release|Any CPU.Build.0 = Release|Any CPU
		{4DE896EE-CE6F-48EF-990E-4FE865B28C51}.Debug|Any CPU.ActiveCfg = Debug|Any CPU
		{4DE896EE-CE6F-48EF-990E-4FE865B28C51}.Debug|Any CPU.Build.0 = Debug|Any CPU
		{4DE896EE-CE6F-48EF-990E-4FE865B28C51}.Release|Any CPU.ActiveCfg = Release|Any CPU
		{4DE896EE-CE6F-48EF-990E-4FE865B28C51}.Release|Any CPU.Build.0 = Release|Any CPU
		{B77223B8-4A79-4D1A-8A47-AC814D6FD9F0}.Debug|Any CPU.ActiveCfg = Debug|Any CPU
		{B77223B8-4A79-4D1A-8A47-AC814D6FD9F0}.Debug|Any CPU.Build.0 = Debug|Any CPU
		{B77223B8-4A79-4D1A-8A47-AC814D6FD9F0}.Release|Any CPU.ActiveCfg = Release|Any CPU
		{B77223B8-4A79-4D1A-8A47-AC814D6FD9F0}.Release|Any CPU.Build.0 = Release|Any CPU
	EndGlobalSection
	GlobalSection(SolutionProperties) = preSolution
		HideSolutionNode = FALSE
	EndGlobalSection
	GlobalSection(NestedProjects) = preSolution
		{8710C1AA-F016-4A1B-B658-DBCED9319B1F} = {61042398-A00B-4CB3-9810-37B78971C9B5}
		{CB403E88-603C-4712-9C43-5DABB59A2811} = {1357A69D-FDBE-4328-AA8F-C042FEF8496D}
		{95B5E764-4815-41F7-8C16-4AE00A76DBDE} = {1357A69D-FDBE-4328-AA8F-C042FEF8496D}
		{72CC06F1-E195-49E1-94E3-457B6FE4DD96} = {1357A69D-FDBE-4328-AA8F-C042FEF8496D}
		{133A4B40-C137-4FDB-B1BF-0B41E9FFD9D0} = {39652FB7-E66B-4959-B957-601638E083AC}
		{7FA4E3CF-2D44-4FAD-BDAB-1AE6B9A14FF9} = {1357A69D-FDBE-4328-AA8F-C042FEF8496D}
		{E0D308FA-8402-4338-981F-94E4AE3056D4} = {434969CF-08DE-47FA-BC2F-7C60F706C78D}
		{B226E73D-285F-432F-9781-D9FB50AA43CB} = {1357A69D-FDBE-4328-AA8F-C042FEF8496D}
		{A3EBAA58-848B-488E-B769-3C5CA5FE4500} = {1357A69D-FDBE-4328-AA8F-C042FEF8496D}
		{4DE896EE-CE6F-48EF-990E-4FE865B28C51} = {1357A69D-FDBE-4328-AA8F-C042FEF8496D}
		{B77223B8-4A79-4D1A-8A47-AC814D6FD9F0} = {1C8A5730-185C-49EC-8C62-D517A5C872DC}
	EndGlobalSection
	GlobalSection(ExtensibilityGlobals) = postSolution
		SolutionGuid = {0C80111C-3CC6-4045-8FE7-4BA80E7E9466}
	EndGlobalSection
EndGlobal
